
Microsoft Visual Studio Solution File, Format Version 12.00
# Visual Studio Version 17
VisualStudioVersion = 17.13.35931.197
MinimumVisualStudioVersion = 10.0.40219.1
Project("{FAE04EC0-301F-11D3-BF4B-00C04F79EFBC}") = "Bank_ado", "Bank_ado\Bank_ado.csproj", "{71CCC321-010C-45E6-8D78-2CB8A7527B64}"
EndProject
Project("{2150E333-8FDC-42A3-9474-1A3956D46DE8}") = "App", "App", "{02EA681E-C7D8-13C7-8484-4AC65E1B71E8}"
	ProjectSection(SolutionItems) = preProject
		App.config = App.config
	EndProjectSection
EndProject
Global
	GlobalSection(SolutionConfigurationPlatforms) = preSolution
		Debug|Any CPU = Debug|Any CPU
		Release|Any CPU = Release|Any CPU
	EndGlobalSection
	GlobalSection(ProjectConfigurationPlatforms) = postSolution
		{71CCC321-010C-45E6-8D78-2CB8A7527B64}.Debug|Any CPU.ActiveCfg = Debug|Any CPU
		{71CCC321-010C-45E6-8D78-2CB8A7527B64}.Debug|Any CPU.Build.0 = Debug|Any CPU
		{71CCC321-010C-45E6-8D78-2CB8A7527B64}.Release|Any CPU.ActiveCfg = Release|Any CPU
		{71CCC321-010C-45E6-8D78-2CB8A7527B64}.Release|Any CPU.Build.0 = Release|Any CPU
	EndGlobalSection
	GlobalSection(SolutionProperties) = preSolution
		HideSolutionNode = FALSE
	EndGlobalSection
	GlobalSection(ExtensibilityGlobals) = postSolution
		SolutionGuid = {E610BFBC-5F91-4ED1-AE52-051720247623}
	EndGlobalSection
EndGlobal
